
Microsoft Visual Studio Solution File, Format Version 12.00
# Visual Studio 14
VisualStudioVersion = 14.0.25420.1
MinimumVisualStudioVersion = 10.0.40219.1
Project("{2150E333-8FDC-42A3-9474-1A3956D46DE8}") = "Application", "Application", "{96157ED3-F981-405F-B4B8-02FB2C0BCCAA}"
EndProject
Project("{2150E333-8FDC-42A3-9474-1A3956D46DE8}") = "Distribution", "Distribution", "{021BF4C9-2968-4413-A384-4EB8857DC126}"
EndProject
Project("{2150E333-8FDC-42A3-9474-1A3956D46DE8}") = "Domain", "Domain", "{D146233F-4893-4B3B-9CFC-2C77E2EB0280}"
EndProject
Project("{2150E333-8FDC-42A3-9474-1A3956D46DE8}") = "Infrastructure", "Infrastructure", "{FD282C96-661F-4B48-A177-8AFEEEDF5DA8}"
EndProject
Project("{2150E333-8FDC-42A3-9474-1A3956D46DE8}") = "Migration", "Migration", "{C1644BE7-3C8C-47CD-AB95-6B2A84E2446E}"
EndProject
Project("{2150E333-8FDC-42A3-9474-1A3956D46DE8}") = "Process", "Process", "{582CE100-A2BA-4370-B0B3-2512812AFE0A}"
EndProject
Project("{2150E333-8FDC-42A3-9474-1A3956D46DE8}") = "Test", "Test", "{7B1750C9-0E07-4F22-A119-C9A188322151}"
EndProject
Project("{2150E333-8FDC-42A3-9474-1A3956D46DE8}") = "Winforms", "Winforms", "{0A47EB7B-320E-4FCA-B21A-4BF5A2AAFB0E}"
EndProject
Project("{F184B08F-C81C-45F6-A57F-5ABD9991F28F}") = "Application.bidder", "Application.bidder\Application.bidder.vbproj", "{CF406ED9-6285-423B-BA2D-7BB49674A204}"
EndProject
Project("{F184B08F-C81C-45F6-A57F-5ABD9991F28F}") = "DistributedServices.Bidder", "DistributedServices.Bidder\DistributedServices.Bidder.vbproj", "{725465FD-F775-4890-982A-838A25E61522}"
EndProject
Project("{F184B08F-C81C-45F6-A57F-5ABD9991F28F}") = "DistributedServices.Bidder.MainModule", "DistributedServices.Bidder.MainModule\DistributedServices.Bidder.MainModule.vbproj", "{81511A8A-3B11-40DA-BFAA-E1B86ACC9B4B}"
EndProject
Project("{F184B08F-C81C-45F6-A57F-5ABD9991F28F}") = "Domain.MainBoundedContext", "Domain.MainBoundedContext\Domain.MainBoundedContext.vbproj", "{07E7FFB6-969C-4E7E-A137-84712B09D0B1}"
EndProject
Project("{F184B08F-C81C-45F6-A57F-5ABD9991F28F}") = "Domain.MainBoundedContext.Modules.Bidder", "Domain.MainBoundedContext.Modules.Bidder\Domain.MainBoundedContext.Modules.Bidder.vbproj", "{2681B52E-28AC-439A-B8A8-1EB86DCA2025}"
EndProject
Project("{F184B08F-C81C-45F6-A57F-5ABD9991F28F}") = "Domain.MainBoundedContext.Modules.Integration", "Domain.MainBoundedContext.Modules.Integration\Domain.MainBoundedContext.Modules.Integration.vbproj", "{25C4926B-002A-4635-B1D1-331BE38F47D7}"
EndProject
Project("{F184B08F-C81C-45F6-A57F-5ABD9991F28F}") = "Domain.MainBoundedContext.Modules.dto", "Domain.MainBoundedContext.Modules.dto\Domain.MainBoundedContext.Modules.dto.vbproj", "{7A9F59E4-6AEF-4843-A255-BE59FBB9CAD6}"
EndProject
Project("{F184B08F-C81C-45F6-A57F-5ABD9991F28F}") = "Infrastructure.Data.MainBoundedContext.Repositories", "Infrastructure.Data.MainBoundedContext.Repositories\Infrastructure.Data.MainBoundedContext.Repositories.vbproj", "{D36FAB96-9EC1-4A5B-950B-5DD46B54A723}"
EndProject
Project("{FAE04EC0-301F-11D3-BF4B-00C04F79EFBC}") = "TestBidderService", "TestBidderService\TestBidderService.csproj", "{8DAA7334-94A3-4F53-963F-BE0669B7F50C}"
EndProject
Project("{FAE04EC0-301F-11D3-BF4B-00C04F79EFBC}") = "ODataBidderService", "ODataBidderService\ODataBidderService.csproj", "{D1A0712C-43D5-449F-A1D0-5FD4E394BF82}"
EndProject
Project("{F184B08F-C81C-45F6-A57F-5ABD9991F28F}") = "UI.Winforms.Authentication", "UI.Winforms.Authentication\UI.Winforms.Authentication.vbproj", "{D26FB088-3318-4137-A30E-8DF223305FB1}"
EndProject
Project("{F184B08F-C81C-45F6-A57F-5ABD9991F28F}") = "UI.Winforms.Controller", "UI.Winforms.Controller\UI.Winforms.Controller.vbproj", "{D45C401B-2F45-4D32-8653-AFF8E8C35E0B}"
EndProject
Project("{F184B08F-C81C-45F6-A57F-5ABD9991F28F}") = "UI.Winforms.Framework", "UI.Winforms.Framework\UI.Winforms.Framework.vbproj", "{F286E2C1-0D19-4964-9E6D-603C844BF105}"
EndProject
Project("{F184B08F-C81C-45F6-A57F-5ABD9991F28F}") = "UI.Winforms.UserControl", "UI.Winforms.UserControl\UI.Winforms.UserControl.vbproj", "{6E6C04FB-CA5D-46E7-94D4-37FC02BA2BBC}"
EndProject
Project("{F184B08F-C81C-45F6-A57F-5ABD9991F28F}") = "UI.Winforms.Bidder", "UI.Winforms.Bidder\UI.Winforms.Bidder.vbproj", "{CF9142C7-6DE3-4D72-A630-000FB8D9913D}"
EndProject
Project("{F184B08F-C81C-45F6-A57F-5ABD9991F28F}") = "WCFBidderService", "WCFBidderService\WCFBidderService.vbproj", "{4DB00B24-9000-401B-A993-F26AD32F8CFA}"
EndProject
Project("{FAE04EC0-301F-11D3-BF4B-00C04F79EFBC}") = "Data.MainBoundedContext.UnitOfWork.Mapping.Bidder", "Data.MainBoundedContext.UnitOfWork.Mapping.Bidder\Data.MainBoundedContext.UnitOfWork.Mapping.Bidder.csproj", "{41BBA6C9-5188-4081-8091-E4C6E81898CB}"
EndProject
Project("{FAE04EC0-301F-11D3-BF4B-00C04F79EFBC}") = "Domain.MainBoundedContext.Modules", "Domain.MainBoundedContext.Modules\Domain.MainBoundedContext.Modules.csproj", "{735884CF-A625-4761-AC2F-9B2B00A03DCD}"
EndProject
Project("{FAE04EC0-301F-11D3-BF4B-00C04F79EFBC}") = "Infrastructure.Data.MainBoundedContext.UnitOfWork", "Infrastructure.Data.MainBoundedContext.UnitOfWork\Infrastructure.Data.MainBoundedContext.UnitOfWork.csproj", "{96FF6AC8-6137-46D8-96B9-BAC0ED7D3F46}"
EndProject
Project("{FAE04EC0-301F-11D3-BF4B-00C04F79EFBC}") = "DBBidderMigration", "DBBidderMigration\DBBidderMigration.csproj", "{BC486BC7-C853-4D31-83AB-0F9AED171AA6}"
EndProject
Project("{2150E333-8FDC-42A3-9474-1A3956D46DE8}") = "Mobiles", "Mobiles", "{6E0454F0-6459-4E35-A09A-452FA67292E6}"
EndProject
Project("{FAE04EC0-301F-11D3-BF4B-00C04F79EFBC}") = "AndroidBidder", "AndroidBidder\AndroidBidder.csproj", "{DDFFAFEF-4B2A-4B63-BCF1-1917F0E57356}"
EndProject
Project("{2150E333-8FDC-42A3-9474-1A3956D46DE8}") = "WPF", "WPF", "{5DFCB774-CC9F-4EAC-81A2-BACA7015CF3D}"
EndProject
Project("{FAE04EC0-301F-11D3-BF4B-00C04F79EFBC}") = "WinFormsClient", "WindowsFormsClient\WinFormsClient.csproj", "{89E491A3-5F35-4BDA-9377-280D53C7D06C}"
EndProject
Project("{2150E333-8FDC-42A3-9474-1A3956D46DE8}") = "SignalR", "SignalR", "{7E5025A4-6642-42FF-958C-B78162E157BB}"
EndProject
Project("{FAE04EC0-301F-11D3-BF4B-00C04F79EFBC}") = "WinFormsServer", "WinFormsServer\WinFormsServer.csproj", "{621C5C42-57CC-4295-AB4D-458831EA241A}"
EndProject
Global
	GlobalSection(SolutionConfigurationPlatforms) = preSolution
		Debug|Any CPU = Debug|Any CPU
		Release|Any CPU = Release|Any CPU
	EndGlobalSection
	GlobalSection(ProjectConfigurationPlatforms) = postSolution
		{CF406ED9-6285-423B-BA2D-7BB49674A204}.Debug|Any CPU.ActiveCfg = Debug|Any CPU
		{CF406ED9-6285-423B-BA2D-7BB49674A204}.Debug|Any CPU.Build.0 = Debug|Any CPU
		{CF406ED9-6285-423B-BA2D-7BB49674A204}.Release|Any CPU.ActiveCfg = Release|Any CPU
		{CF406ED9-6285-423B-BA2D-7BB49674A204}.Release|Any CPU.Build.0 = Release|Any CPU
		{725465FD-F775-4890-982A-838A25E61522}.Debug|Any CPU.ActiveCfg = Debug|Any CPU
		{725465FD-F775-4890-982A-838A25E61522}.Debug|Any CPU.Build.0 = Debug|Any CPU
		{725465FD-F775-4890-982A-838A25E61522}.Release|Any CPU.ActiveCfg = Release|Any CPU
		{725465FD-F775-4890-982A-838A25E61522}.Release|Any CPU.Build.0 = Release|Any CPU
		{81511A8A-3B11-40DA-BFAA-E1B86ACC9B4B}.Debug|Any CPU.ActiveCfg = Debug|Any CPU
		{81511A8A-3B11-40DA-BFAA-E1B86ACC9B4B}.Debug|Any CPU.Build.0 = Debug|Any CPU
		{81511A8A-3B11-40DA-BFAA-E1B86ACC9B4B}.Release|Any CPU.ActiveCfg = Release|Any CPU
		{81511A8A-3B11-40DA-BFAA-E1B86ACC9B4B}.Release|Any CPU.Build.0 = Release|Any CPU
		{07E7FFB6-969C-4E7E-A137-84712B09D0B1}.Debug|Any CPU.ActiveCfg = Debug|Any CPU
		{07E7FFB6-969C-4E7E-A137-84712B09D0B1}.Debug|Any CPU.Build.0 = Debug|Any CPU
		{07E7FFB6-969C-4E7E-A137-84712B09D0B1}.Release|Any CPU.ActiveCfg = Release|Any CPU
		{07E7FFB6-969C-4E7E-A137-84712B09D0B1}.Release|Any CPU.Build.0 = Release|Any CPU
		{2681B52E-28AC-439A-B8A8-1EB86DCA2025}.Debug|Any CPU.ActiveCfg = Debug|Any CPU
		{2681B52E-28AC-439A-B8A8-1EB86DCA2025}.Debug|Any CPU.Build.0 = Debug|Any CPU
		{2681B52E-28AC-439A-B8A8-1EB86DCA2025}.Release|Any CPU.ActiveCfg = Release|Any CPU
		{2681B52E-28AC-439A-B8A8-1EB86DCA2025}.Release|Any CPU.Build.0 = Release|Any CPU
		{25C4926B-002A-4635-B1D1-331BE38F47D7}.Debug|Any CPU.ActiveCfg = Debug|Any CPU
		{25C4926B-002A-4635-B1D1-331BE38F47D7}.Debug|Any CPU.Build.0 = Debug|Any CPU
		{25C4926B-002A-4635-B1D1-331BE38F47D7}.Release|Any CPU.ActiveCfg = Release|Any CPU
		{25C4926B-002A-4635-B1D1-331BE38F47D7}.Release|Any CPU.Build.0 = Release|Any CPU
		{7A9F59E4-6AEF-4843-A255-BE59FBB9CAD6}.Debug|Any CPU.ActiveCfg = Debug|Any CPU
		{7A9F59E4-6AEF-4843-A255-BE59FBB9CAD6}.Debug|Any CPU.Build.0 = Debug|Any CPU
		{7A9F59E4-6AEF-4843-A255-BE59FBB9CAD6}.Release|Any CPU.ActiveCfg = Release|Any CPU
		{7A9F59E4-6AEF-4843-A255-BE59FBB9CAD6}.Release|Any CPU.Build.0 = Release|Any CPU
		{D36FAB96-9EC1-4A5B-950B-5DD46B54A723}.Debug|Any CPU.ActiveCfg = Debug|Any CPU
		{D36FAB96-9EC1-4A5B-950B-5DD46B54A723}.Debug|Any CPU.Build.0 = Debug|Any CPU
		{D36FAB96-9EC1-4A5B-950B-5DD46B54A723}.Release|Any CPU.ActiveCfg = Release|Any CPU
		{D36FAB96-9EC1-4A5B-950B-5DD46B54A723}.Release|Any CPU.Build.0 = Release|Any CPU
		{8DAA7334-94A3-4F53-963F-BE0669B7F50C}.Debug|Any CPU.ActiveCfg = Debug|Any CPU
		{8DAA7334-94A3-4F53-963F-BE0669B7F50C}.Debug|Any CPU.Build.0 = Debug|Any CPU
		{8DAA7334-94A3-4F53-963F-BE0669B7F50C}.Release|Any CPU.ActiveCfg = Release|Any CPU
		{8DAA7334-94A3-4F53-963F-BE0669B7F50C}.Release|Any CPU.Build.0 = Release|Any CPU
		{D1A0712C-43D5-449F-A1D0-5FD4E394BF82}.Debug|Any CPU.ActiveCfg = Debug|Any CPU
		{D1A0712C-43D5-449F-A1D0-5FD4E394BF82}.Debug|Any CPU.Build.0 = Debug|Any CPU
		{D1A0712C-43D5-449F-A1D0-5FD4E394BF82}.Release|Any CPU.ActiveCfg = Release|Any CPU
		{D1A0712C-43D5-449F-A1D0-5FD4E394BF82}.Release|Any CPU.Build.0 = Release|Any CPU
		{D26FB088-3318-4137-A30E-8DF223305FB1}.Debug|Any CPU.ActiveCfg = Debug|Any CPU
		{D26FB088-3318-4137-A30E-8DF223305FB1}.Debug|Any CPU.Build.0 = Debug|Any CPU
		{D26FB088-3318-4137-A30E-8DF223305FB1}.Release|Any CPU.ActiveCfg = Release|Any CPU
		{D26FB088-3318-4137-A30E-8DF223305FB1}.Release|Any CPU.Build.0 = Release|Any CPU
		{D45C401B-2F45-4D32-8653-AFF8E8C35E0B}.Debug|Any CPU.ActiveCfg = Debug|Any CPU
		{D45C401B-2F45-4D32-8653-AFF8E8C35E0B}.Debug|Any CPU.Build.0 = Debug|Any CPU
		{D45C401B-2F45-4D32-8653-AFF8E8C35E0B}.Release|Any CPU.ActiveCfg = Release|Any CPU
		{D45C401B-2F45-4D32-8653-AFF8E8C35E0B}.Release|Any CPU.Build.0 = Release|Any CPU
		{F286E2C1-0D19-4964-9E6D-603C844BF105}.Debug|Any CPU.ActiveCfg = Debug|Any CPU
		{F286E2C1-0D19-4964-9E6D-603C844BF105}.Debug|Any CPU.Build.0 = Debug|Any CPU
		{F286E2C1-0D19-4964-9E6D-603C844BF105}.Release|Any CPU.ActiveCfg = Release|Any CPU
		{F286E2C1-0D19-4964-9E6D-603C844BF105}.Release|Any CPU.Build.0 = Release|Any CPU
		{6E6C04FB-CA5D-46E7-94D4-37FC02BA2BBC}.Debug|Any CPU.ActiveCfg = Debug|Any CPU
		{6E6C04FB-CA5D-46E7-94D4-37FC02BA2BBC}.Debug|Any CPU.Build.0 = Debug|Any CPU
		{6E6C04FB-CA5D-46E7-94D4-37FC02BA2BBC}.Release|Any CPU.ActiveCfg = Release|Any CPU
		{6E6C04FB-CA5D-46E7-94D4-37FC02BA2BBC}.Release|Any CPU.Build.0 = Release|Any CPU
		{CF9142C7-6DE3-4D72-A630-000FB8D9913D}.Debug|Any CPU.ActiveCfg = Debug|Any CPU
		{CF9142C7-6DE3-4D72-A630-000FB8D9913D}.Debug|Any CPU.Build.0 = Debug|Any CPU
		{CF9142C7-6DE3-4D72-A630-000FB8D9913D}.Release|Any CPU.ActiveCfg = Release|Any CPU
		{CF9142C7-6DE3-4D72-A630-000FB8D9913D}.Release|Any CPU.Build.0 = Release|Any CPU
		{4DB00B24-9000-401B-A993-F26AD32F8CFA}.Debug|Any CPU.ActiveCfg = Debug|Any CPU
		{4DB00B24-9000-401B-A993-F26AD32F8CFA}.Debug|Any CPU.Build.0 = Debug|Any CPU
		{4DB00B24-9000-401B-A993-F26AD32F8CFA}.Release|Any CPU.ActiveCfg = Release|Any CPU
		{4DB00B24-9000-401B-A993-F26AD32F8CFA}.Release|Any CPU.Build.0 = Release|Any CPU
		{41BBA6C9-5188-4081-8091-E4C6E81898CB}.Debug|Any CPU.ActiveCfg = Debug|Any CPU
		{41BBA6C9-5188-4081-8091-E4C6E81898CB}.Debug|Any CPU.Build.0 = Debug|Any CPU
		{41BBA6C9-5188-4081-8091-E4C6E81898CB}.Release|Any CPU.ActiveCfg = Release|Any CPU
		{41BBA6C9-5188-4081-8091-E4C6E81898CB}.Release|Any CPU.Build.0 = Release|Any CPU
		{735884CF-A625-4761-AC2F-9B2B00A03DCD}.Debug|Any CPU.ActiveCfg = Debug|Any CPU
		{735884CF-A625-4761-AC2F-9B2B00A03DCD}.Debug|Any CPU.Build.0 = Debug|Any CPU
		{735884CF-A625-4761-AC2F-9B2B00A03DCD}.Release|Any CPU.ActiveCfg = Release|Any CPU
		{735884CF-A625-4761-AC2F-9B2B00A03DCD}.Release|Any CPU.Build.0 = Release|Any CPU
		{96FF6AC8-6137-46D8-96B9-BAC0ED7D3F46}.Debug|Any CPU.ActiveCfg = Debug|Any CPU
		{96FF6AC8-6137-46D8-96B9-BAC0ED7D3F46}.Debug|Any CPU.Build.0 = Debug|Any CPU
		{96FF6AC8-6137-46D8-96B9-BAC0ED7D3F46}.Release|Any CPU.ActiveCfg = Release|Any CPU
		{96FF6AC8-6137-46D8-96B9-BAC0ED7D3F46}.Release|Any CPU.Build.0 = Release|Any CPU
		{BC486BC7-C853-4D31-83AB-0F9AED171AA6}.Debug|Any CPU.ActiveCfg = Debug|Any CPU
		{BC486BC7-C853-4D31-83AB-0F9AED171AA6}.Debug|Any CPU.Build.0 = Debug|Any CPU
		{BC486BC7-C853-4D31-83AB-0F9AED171AA6}.Release|Any CPU.ActiveCfg = Release|Any CPU
		{BC486BC7-C853-4D31-83AB-0F9AED171AA6}.Release|Any CPU.Build.0 = Release|Any CPU
		{DDFFAFEF-4B2A-4B63-BCF1-1917F0E57356}.Debug|Any CPU.ActiveCfg = Debug|Any CPU
		{DDFFAFEF-4B2A-4B63-BCF1-1917F0E57356}.Debug|Any CPU.Build.0 = Debug|Any CPU
		{DDFFAFEF-4B2A-4B63-BCF1-1917F0E57356}.Debug|Any CPU.Deploy.0 = Debug|Any CPU
		{DDFFAFEF-4B2A-4B63-BCF1-1917F0E57356}.Release|Any CPU.ActiveCfg = Release|Any CPU
		{DDFFAFEF-4B2A-4B63-BCF1-1917F0E57356}.Release|Any CPU.Build.0 = Release|Any CPU
		{DDFFAFEF-4B2A-4B63-BCF1-1917F0E57356}.Release|Any CPU.Deploy.0 = Release|Any CPU
		{89E491A3-5F35-4BDA-9377-280D53C7D06C}.Debug|Any CPU.ActiveCfg = Debug|Any CPU
		{89E491A3-5F35-4BDA-9377-280D53C7D06C}.Debug|Any CPU.Build.0 = Debug|Any CPU
		{89E491A3-5F35-4BDA-9377-280D53C7D06C}.Release|Any CPU.ActiveCfg = Release|Any CPU
		{89E491A3-5F35-4BDA-9377-280D53C7D06C}.Release|Any CPU.Build.0 = Release|Any CPU
		{621C5C42-57CC-4295-AB4D-458831EA241A}.Debug|Any CPU.ActiveCfg = Debug|Any CPU
		{621C5C42-57CC-4295-AB4D-458831EA241A}.Debug|Any CPU.Build.0 = Debug|Any CPU
		{621C5C42-57CC-4295-AB4D-458831EA241A}.Release|Any CPU.ActiveCfg = Release|Any CPU
		{621C5C42-57CC-4295-AB4D-458831EA241A}.Release|Any CPU.Build.0 = Release|Any CPU
	EndGlobalSection
	GlobalSection(SolutionProperties) = preSolution
		HideSolutionNode = FALSE
	EndGlobalSection
	GlobalSection(NestedProjects) = preSolution
		{CF406ED9-6285-423B-BA2D-7BB49674A204} = {96157ED3-F981-405F-B4B8-02FB2C0BCCAA}
		{725465FD-F775-4890-982A-838A25E61522} = {021BF4C9-2968-4413-A384-4EB8857DC126}
		{81511A8A-3B11-40DA-BFAA-E1B86ACC9B4B} = {021BF4C9-2968-4413-A384-4EB8857DC126}
		{07E7FFB6-969C-4E7E-A137-84712B09D0B1} = {D146233F-4893-4B3B-9CFC-2C77E2EB0280}
		{2681B52E-28AC-439A-B8A8-1EB86DCA2025} = {D146233F-4893-4B3B-9CFC-2C77E2EB0280}
		{25C4926B-002A-4635-B1D1-331BE38F47D7} = {D146233F-4893-4B3B-9CFC-2C77E2EB0280}
		{7A9F59E4-6AEF-4843-A255-BE59FBB9CAD6} = {D146233F-4893-4B3B-9CFC-2C77E2EB0280}
		{D36FAB96-9EC1-4A5B-950B-5DD46B54A723} = {FD282C96-661F-4B48-A177-8AFEEEDF5DA8}
		{8DAA7334-94A3-4F53-963F-BE0669B7F50C} = {7B1750C9-0E07-4F22-A119-C9A188322151}
		{D1A0712C-43D5-449F-A1D0-5FD4E394BF82} = {021BF4C9-2968-4413-A384-4EB8857DC126}
		{D26FB088-3318-4137-A30E-8DF223305FB1} = {0A47EB7B-320E-4FCA-B21A-4BF5A2AAFB0E}
		{D45C401B-2F45-4D32-8653-AFF8E8C35E0B} = {0A47EB7B-320E-4FCA-B21A-4BF5A2AAFB0E}
		{F286E2C1-0D19-4964-9E6D-603C844BF105} = {0A47EB7B-320E-4FCA-B21A-4BF5A2AAFB0E}
		{6E6C04FB-CA5D-46E7-94D4-37FC02BA2BBC} = {0A47EB7B-320E-4FCA-B21A-4BF5A2AAFB0E}
		{CF9142C7-6DE3-4D72-A630-000FB8D9913D} = {0A47EB7B-320E-4FCA-B21A-4BF5A2AAFB0E}
		{4DB00B24-9000-401B-A993-F26AD32F8CFA} = {021BF4C9-2968-4413-A384-4EB8857DC126}
		{41BBA6C9-5188-4081-8091-E4C6E81898CB} = {FD282C96-661F-4B48-A177-8AFEEEDF5DA8}
		{735884CF-A625-4761-AC2F-9B2B00A03DCD} = {D146233F-4893-4B3B-9CFC-2C77E2EB0280}
		{96FF6AC8-6137-46D8-96B9-BAC0ED7D3F46} = {FD282C96-661F-4B48-A177-8AFEEEDF5DA8}
		{BC486BC7-C853-4D31-83AB-0F9AED171AA6} = {C1644BE7-3C8C-47CD-AB95-6B2A84E2446E}
		{DDFFAFEF-4B2A-4B63-BCF1-1917F0E57356} = {6E0454F0-6459-4E35-A09A-452FA67292E6}
		{89E491A3-5F35-4BDA-9377-280D53C7D06C} = {0A47EB7B-320E-4FCA-B21A-4BF5A2AAFB0E}
		{7E5025A4-6642-42FF-958C-B78162E157BB} = {0A47EB7B-320E-4FCA-B21A-4BF5A2AAFB0E}
		{621C5C42-57CC-4295-AB4D-458831EA241A} = {0A47EB7B-320E-4FCA-B21A-4BF5A2AAFB0E}
	EndGlobalSection
EndGlobal
